
Microsoft Visual Studio Solution File, Format Version 12.00
# Visual Studio 14
VisualStudioVersion = 14.0.23107.0
MinimumVisualStudioVersion = 10.0.40219.1
Project("{FAE04EC0-301F-11D3-BF4B-00C04F79EFBC}") = "TrainingBill", "TrainingBill\TrainingBill.csproj", "{E582A061-5023-4784-BF88-43139CD069F7}"
EndProject
Project("{2150E333-8FDC-42A3-9474-1A3956D46DE8}") = "Solution Items", "Solution Items", "{B19BACAF-8FA1-433D-A5E4-8ED1D777B2AF}"
	ProjectSection(SolutionItems) = preProject
		TrainingBill.accdb = TrainingBill.accdb
	EndProjectSection
EndProject
Global
	GlobalSection(SolutionConfigurationPlatforms) = preSolution
		Debug|Any CPU = Debug|Any CPU
		Release|Any CPU = Release|Any CPU
	EndGlobalSection
	GlobalSection(ProjectConfigurationPlatforms) = postSolution
		{E582A061-5023-4784-BF88-43139CD069F7}.Debug|Any CPU.ActiveCfg = Debug|Any CPU
		{E582A061-5023-4784-BF88-43139CD069F7}.Debug|Any CPU.Build.0 = Debug|Any CPU
		{E582A061-5023-4784-BF88-43139CD069F7}.Release|Any CPU.ActiveCfg = Release|Any CPU
		{E582A061-5023-4784-BF88-43139CD069F7}.Release|Any CPU.Build.0 = Release|Any CPU
	EndGlobalSection
	GlobalSection(SolutionProperties) = preSolution
		HideSolutionNode = FALSE
	EndGlobalSection
EndGlobal
